
Microsoft Visual Studio Solution File, Format Version 12.00
# Visual Studio Version 16
VisualStudioVersion = 16.0.30517.126
MinimumVisualStudioVersion = 10.0.40219.1
Project("{F2A71F9B-5D33-465A-A702-920D77279786}") = "ParLi", "ParLi\ParLi.fsproj", "{CDD2DD90-1DE4-4E13-9FF8-3E9F88E5581D}"
EndProject
Global
	GlobalSection(SolutionConfigurationPlatforms) = preSolution
		Debug|Any CPU = Debug|Any CPU
		Release|Any CPU = Release|Any CPU
	EndGlobalSection
	GlobalSection(ProjectConfigurationPlatforms) = postSolution
		{CDD2DD90-1DE4-4E13-9FF8-3E9F88E5581D}.Debug|Any CPU.ActiveCfg = Debug|Any CPU
		{CDD2DD90-1DE4-4E13-9FF8-3E9F88E5581D}.Debug|Any CPU.Build.0 = Debug|Any CPU
		{CDD2DD90-1DE4-4E13-9FF8-3E9F88E5581D}.Release|Any CPU.ActiveCfg = Release|Any CPU
		{CDD2DD90-1DE4-4E13-9FF8-3E9F88E5581D}.Release|Any CPU.Build.0 = Release|Any CPU
	EndGlobalSection
	GlobalSection(SolutionProperties) = preSolution
		HideSolutionNode = FALSE
	EndGlobalSection
	GlobalSection(ExtensibilityGlobals) = postSolution
		SolutionGuid = {3B0BF37A-3477-43C6-AD32-40DCCB26BBCA}
	EndGlobalSection
EndGlobal
